
Microsoft Visual Studio Solution File, Format Version 12.00
# Visual Studio Version 16
VisualStudioVersion = 16.0.29324.140
MinimumVisualStudioVersion = 10.0.40219.1
Project("{FAE04EC0-301F-11D3-BF4B-00C04F79EFBC}") = "JF-Blog", "JF-Blog\JF-Blog.csproj", "{7B535DD3-FF0F-4FD0-8DF2-23950EC0FC29}"
EndProject
Global
	GlobalSection(SolutionConfigurationPlatforms) = preSolution
		Debug|Any CPU = Debug|Any CPU
		Release|Any CPU = Release|Any CPU
	EndGlobalSection
	GlobalSection(ProjectConfigurationPlatforms) = postSolution
		{7B535DD3-FF0F-4FD0-8DF2-23950EC0FC29}.Debug|Any CPU.ActiveCfg = Debug|Any CPU
		{7B535DD3-FF0F-4FD0-8DF2-23950EC0FC29}.Debug|Any CPU.Build.0 = Debug|Any CPU
		{7B535DD3-FF0F-4FD0-8DF2-23950EC0FC29}.Release|Any CPU.ActiveCfg = Release|Any CPU
		{7B535DD3-FF0F-4FD0-8DF2-23950EC0FC29}.Release|Any CPU.Build.0 = Release|Any CPU
	EndGlobalSection
	GlobalSection(SolutionProperties) = preSolution
		HideSolutionNode = FALSE
	EndGlobalSection
	GlobalSection(ExtensibilityGlobals) = postSolution
		SolutionGuid = {3C308BD0-6758-4E79-8E92-11C5BCB22926}
	EndGlobalSection
EndGlobal
